
Microsoft Visual Studio Solution File, Format Version 12.00
# Visual Studio 15
VisualStudioVersion = 15.0.27703.2047
MinimumVisualStudioVersion = 10.0.40219.1
Project("{9A19103F-16F7-4668-BE54-9A1E7A4F7556}") = "Benchmark.Examples", "Benchmark.Examples\Benchmark.Examples.csproj", "{826434D3-3020-4E3F-BB46-50CB56AA8B52}"
EndProject
Project("{9A19103F-16F7-4668-BE54-9A1E7A4F7556}") = "Benchmark", "Benchmark\Benchmark.csproj", "{B48E6638-91BD-4A55-A482-2AFEB2A57B6C}"
EndProject
Project("{FAE04EC0-301F-11D3-BF4B-00C04F79EFBC}") = "Benchmark.Tests", "Benchmark.Tests\Benchmark.Tests.csproj", "{D8E2433C-BE0A-48C8-AF35-FF71D337FCC7}"
EndProject
Global
	GlobalSection(SolutionConfigurationPlatforms) = preSolution
		Debug|Any CPU = Debug|Any CPU
		Release|Any CPU = Release|Any CPU
	EndGlobalSection
	GlobalSection(ProjectConfigurationPlatforms) = postSolution
		{826434D3-3020-4E3F-BB46-50CB56AA8B52}.Debug|Any CPU.ActiveCfg = Debug|Any CPU
		{826434D3-3020-4E3F-BB46-50CB56AA8B52}.Debug|Any CPU.Build.0 = Debug|Any CPU
		{826434D3-3020-4E3F-BB46-50CB56AA8B52}.Release|Any CPU.ActiveCfg = Release|Any CPU
		{826434D3-3020-4E3F-BB46-50CB56AA8B52}.Release|Any CPU.Build.0 = Release|Any CPU
		{B48E6638-91BD-4A55-A482-2AFEB2A57B6C}.Debug|Any CPU.ActiveCfg = Debug|Any CPU
		{B48E6638-91BD-4A55-A482-2AFEB2A57B6C}.Debug|Any CPU.Build.0 = Debug|Any CPU
		{B48E6638-91BD-4A55-A482-2AFEB2A57B6C}.Release|Any CPU.ActiveCfg = Release|Any CPU
		{B48E6638-91BD-4A55-A482-2AFEB2A57B6C}.Release|Any CPU.Build.0 = Release|Any CPU
		{D8E2433C-BE0A-48C8-AF35-FF71D337FCC7}.Debug|Any CPU.ActiveCfg = Debug|Any CPU
		{D8E2433C-BE0A-48C8-AF35-FF71D337FCC7}.Debug|Any CPU.Build.0 = Debug|Any CPU
		{D8E2433C-BE0A-48C8-AF35-FF71D337FCC7}.Release|Any CPU.ActiveCfg = Release|Any CPU
		{D8E2433C-BE0A-48C8-AF35-FF71D337FCC7}.Release|Any CPU.Build.0 = Release|Any CPU
	EndGlobalSection
	GlobalSection(SolutionProperties) = preSolution
		HideSolutionNode = FALSE
	EndGlobalSection
	GlobalSection(ExtensibilityGlobals) = postSolution
		SolutionGuid = {C0A2EF5A-6879-4FEE-B948-8782F452EBAE}
	EndGlobalSection
EndGlobal
